
Microsoft Visual Studio Solution File, Format Version 12.00
# Visual Studio Version 17
VisualStudioVersion = 17.7.34024.191
MinimumVisualStudioVersion = 10.0.40219.1
Project("{FAE04EC0-301F-11D3-BF4B-00C04F79EFBC}") = "1.3-4", "1.3-4\1.3-4.csproj", "{D00AAC9F-9353-407C-8166-6361E881F1D9}"
EndProject
Global
	GlobalSection(SolutionConfigurationPlatforms) = preSolution
		Debug|Any CPU = Debug|Any CPU
		Release|Any CPU = Release|Any CPU
	EndGlobalSection
	GlobalSection(ProjectConfigurationPlatforms) = postSolution
		{D00AAC9F-9353-407C-8166-6361E881F1D9}.Debug|Any CPU.ActiveCfg = Debug|Any CPU
		{D00AAC9F-9353-407C-8166-6361E881F1D9}.Debug|Any CPU.Build.0 = Debug|Any CPU
		{D00AAC9F-9353-407C-8166-6361E881F1D9}.Release|Any CPU.ActiveCfg = Release|Any CPU
		{D00AAC9F-9353-407C-8166-6361E881F1D9}.Release|Any CPU.Build.0 = Release|Any CPU
	EndGlobalSection
	GlobalSection(SolutionProperties) = preSolution
		HideSolutionNode = FALSE
	EndGlobalSection
	GlobalSection(ExtensibilityGlobals) = postSolution
		SolutionGuid = {9887F1BC-C8CF-4B2E-BEC5-EA3ED00459ED}
	EndGlobalSection
EndGlobal
