
Microsoft Visual Studio Solution File, Format Version 12.00
# Visual Studio Version 17
VisualStudioVersion = 17.7.34031.279
MinimumVisualStudioVersion = 10.0.40219.1
Project("{FAE04EC0-301F-11D3-BF4B-00C04F79EFBC}") = "1.4", "1.4\1.4.csproj", "{A3DBCBCE-5A58-4C6B-83F5-80A35BFEA04B}"
EndProject
Global
	GlobalSection(SolutionConfigurationPlatforms) = preSolution
		Debug|Any CPU = Debug|Any CPU
		Release|Any CPU = Release|Any CPU
	EndGlobalSection
	GlobalSection(ProjectConfigurationPlatforms) = postSolution
		{A3DBCBCE-5A58-4C6B-83F5-80A35BFEA04B}.Debug|Any CPU.ActiveCfg = Debug|Any CPU
		{A3DBCBCE-5A58-4C6B-83F5-80A35BFEA04B}.Debug|Any CPU.Build.0 = Debug|Any CPU
		{A3DBCBCE-5A58-4C6B-83F5-80A35BFEA04B}.Release|Any CPU.ActiveCfg = Release|Any CPU
		{A3DBCBCE-5A58-4C6B-83F5-80A35BFEA04B}.Release|Any CPU.Build.0 = Release|Any CPU
	EndGlobalSection
	GlobalSection(SolutionProperties) = preSolution
		HideSolutionNode = FALSE
	EndGlobalSection
	GlobalSection(ExtensibilityGlobals) = postSolution
		SolutionGuid = {08CA5B5C-7FDF-46A2-B31E-6F593211D0DD}
	EndGlobalSection
EndGlobal
