
Microsoft Visual Studio Solution File, Format Version 12.00
# Visual Studio Version 17
VisualStudioVersion = 17.7.34031.279
MinimumVisualStudioVersion = 10.0.40219.1
Project("{FAE04EC0-301F-11D3-BF4B-00C04F79EFBC}") = "7.4", "7.4\7.4.csproj", "{FFECCF89-2876-4F76-A365-CF2A2E81BB08}"
EndProject
Global
	GlobalSection(SolutionConfigurationPlatforms) = preSolution
		Debug|Any CPU = Debug|Any CPU
		Release|Any CPU = Release|Any CPU
	EndGlobalSection
	GlobalSection(ProjectConfigurationPlatforms) = postSolution
		{FFECCF89-2876-4F76-A365-CF2A2E81BB08}.Debug|Any CPU.ActiveCfg = Debug|Any CPU
		{FFECCF89-2876-4F76-A365-CF2A2E81BB08}.Debug|Any CPU.Build.0 = Debug|Any CPU
		{FFECCF89-2876-4F76-A365-CF2A2E81BB08}.Release|Any CPU.ActiveCfg = Release|Any CPU
		{FFECCF89-2876-4F76-A365-CF2A2E81BB08}.Release|Any CPU.Build.0 = Release|Any CPU
	EndGlobalSection
	GlobalSection(SolutionProperties) = preSolution
		HideSolutionNode = FALSE
	EndGlobalSection
	GlobalSection(ExtensibilityGlobals) = postSolution
		SolutionGuid = {2B692820-4C6C-4322-A9E3-AB6BD3EBB5C5}
	EndGlobalSection
EndGlobal
