
Microsoft Visual Studio Solution File, Format Version 12.00
# Visual Studio Version 17
VisualStudioVersion = 17.7.34031.279
MinimumVisualStudioVersion = 10.0.40219.1
Project("{FAE04EC0-301F-11D3-BF4B-00C04F79EFBC}") = "nj", "nj\nj.csproj", "{B31F63BA-432C-4D4B-AB58-C8EF1FF679F5}"
EndProject
Global
	GlobalSection(SolutionConfigurationPlatforms) = preSolution
		Debug|Any CPU = Debug|Any CPU
		Release|Any CPU = Release|Any CPU
	EndGlobalSection
	GlobalSection(ProjectConfigurationPlatforms) = postSolution
		{B31F63BA-432C-4D4B-AB58-C8EF1FF679F5}.Debug|Any CPU.ActiveCfg = Debug|Any CPU
		{B31F63BA-432C-4D4B-AB58-C8EF1FF679F5}.Debug|Any CPU.Build.0 = Debug|Any CPU
		{B31F63BA-432C-4D4B-AB58-C8EF1FF679F5}.Release|Any CPU.ActiveCfg = Release|Any CPU
		{B31F63BA-432C-4D4B-AB58-C8EF1FF679F5}.Release|Any CPU.Build.0 = Release|Any CPU
	EndGlobalSection
	GlobalSection(SolutionProperties) = preSolution
		HideSolutionNode = FALSE
	EndGlobalSection
	GlobalSection(ExtensibilityGlobals) = postSolution
		SolutionGuid = {B6F3723A-66A4-4444-8BD6-AA02C6EE6900}
	EndGlobalSection
EndGlobal
