
Microsoft Visual Studio Solution File, Format Version 12.00
# Visual Studio Version 17
VisualStudioVersion = 17.7.34031.279
MinimumVisualStudioVersion = 10.0.40219.1
Project("{FAE04EC0-301F-11D3-BF4B-00C04F79EFBC}") = "5.4", "5.4\5.4.csproj", "{E1BC1780-9941-4C16-B617-915F9C8ACE6D}"
EndProject
Global
	GlobalSection(SolutionConfigurationPlatforms) = preSolution
		Debug|Any CPU = Debug|Any CPU
		Release|Any CPU = Release|Any CPU
	EndGlobalSection
	GlobalSection(ProjectConfigurationPlatforms) = postSolution
		{E1BC1780-9941-4C16-B617-915F9C8ACE6D}.Debug|Any CPU.ActiveCfg = Debug|Any CPU
		{E1BC1780-9941-4C16-B617-915F9C8ACE6D}.Debug|Any CPU.Build.0 = Debug|Any CPU
		{E1BC1780-9941-4C16-B617-915F9C8ACE6D}.Release|Any CPU.ActiveCfg = Release|Any CPU
		{E1BC1780-9941-4C16-B617-915F9C8ACE6D}.Release|Any CPU.Build.0 = Release|Any CPU
	EndGlobalSection
	GlobalSection(SolutionProperties) = preSolution
		HideSolutionNode = FALSE
	EndGlobalSection
	GlobalSection(ExtensibilityGlobals) = postSolution
		SolutionGuid = {DF691AA1-83DB-42B4-9AA2-89F893DE6D07}
	EndGlobalSection
EndGlobal
